
Microsoft Visual Studio Solution File, Format Version 12.00
# Visual Studio Version 17
VisualStudioVersion = 17.3.32714.290
MinimumVisualStudioVersion = 10.0.40219.1
Project("{FAE04EC0-301F-11D3-BF4B-00C04F79EFBC}") = "TestLib", "TestLib\TestLib.csproj", "{687C1503-2F1F-4663-B7AA-432662E94311}"
EndProject
Project("{FAE04EC0-301F-11D3-BF4B-00C04F79EFBC}") = "TestProject", "TestProject\TestProject.csproj", "{A63412C2-6444-4788-BE48-8ABFBFACFCA2}"
EndProject
Global
	GlobalSection(SolutionConfigurationPlatforms) = preSolution
		Debug|Any CPU = Debug|Any CPU
		Release|Any CPU = Release|Any CPU
	EndGlobalSection
	GlobalSection(ProjectConfigurationPlatforms) = postSolution
		{687C1503-2F1F-4663-B7AA-432662E94311}.Debug|Any CPU.ActiveCfg = Debug|Any CPU
		{687C1503-2F1F-4663-B7AA-432662E94311}.Debug|Any CPU.Build.0 = Debug|Any CPU
		{687C1503-2F1F-4663-B7AA-432662E94311}.Release|Any CPU.ActiveCfg = Release|Any CPU
		{687C1503-2F1F-4663-B7AA-432662E94311}.Release|Any CPU.Build.0 = Release|Any CPU
		{A63412C2-6444-4788-BE48-8ABFBFACFCA2}.Debug|Any CPU.ActiveCfg = Debug|Any CPU
		{A63412C2-6444-4788-BE48-8ABFBFACFCA2}.Debug|Any CPU.Build.0 = Debug|Any CPU
		{A63412C2-6444-4788-BE48-8ABFBFACFCA2}.Release|Any CPU.ActiveCfg = Release|Any CPU
		{A63412C2-6444-4788-BE48-8ABFBFACFCA2}.Release|Any CPU.Build.0 = Release|Any CPU
	EndGlobalSection
	GlobalSection(SolutionProperties) = preSolution
		HideSolutionNode = FALSE
	EndGlobalSection
	GlobalSection(ExtensibilityGlobals) = postSolution
		SolutionGuid = {E2B0B4C4-B689-4CF3-851A-6AEBB3B576D9}
	EndGlobalSection
EndGlobal
